
Microsoft Visual Studio Solution File, Format Version 12.00
# Visual Studio Version 16
VisualStudioVersion = 16.0.31624.102
MinimumVisualStudioVersion = 10.0.40219.1
Project("{2150E333-8FDC-42A3-9474-1A3956D46DE8}") = "Lessons", "Lessons", "{293492C9-D2FF-4D80-BAEE-A1DB2E68D76C}"
EndProject
Project("{FAE04EC0-301F-11D3-BF4B-00C04F79EFBC}") = "Day1", "Lessons\Day1\Day1.csproj", "{577D582F-617C-4387-B606-731861D8FD6E}"
EndProject
Project("{FAE04EC0-301F-11D3-BF4B-00C04F79EFBC}") = "Day2_Loops", "Lessons\Day2_Loops\Day2_Loops.csproj", "{40580CD8-5502-4D4E-8C11-365BFF5C3C2A}"
EndProject
Project("{FAE04EC0-301F-11D3-BF4B-00C04F79EFBC}") = "Day2_Classes", "Lessons\Day2_Classes\Day2_Classes.csproj", "{78B2C518-359D-424A-B097-EA3B3E58DC6E}"
EndProject
Global
	GlobalSection(SolutionConfigurationPlatforms) = preSolution
		Debug|Any CPU = Debug|Any CPU
		Release|Any CPU = Release|Any CPU
	EndGlobalSection
	GlobalSection(ProjectConfigurationPlatforms) = postSolution
		{577D582F-617C-4387-B606-731861D8FD6E}.Debug|Any CPU.ActiveCfg = Debug|Any CPU
		{577D582F-617C-4387-B606-731861D8FD6E}.Debug|Any CPU.Build.0 = Debug|Any CPU
		{577D582F-617C-4387-B606-731861D8FD6E}.Release|Any CPU.ActiveCfg = Release|Any CPU
		{577D582F-617C-4387-B606-731861D8FD6E}.Release|Any CPU.Build.0 = Release|Any CPU
		{40580CD8-5502-4D4E-8C11-365BFF5C3C2A}.Debug|Any CPU.ActiveCfg = Debug|Any CPU
		{40580CD8-5502-4D4E-8C11-365BFF5C3C2A}.Debug|Any CPU.Build.0 = Debug|Any CPU
		{40580CD8-5502-4D4E-8C11-365BFF5C3C2A}.Release|Any CPU.ActiveCfg = Release|Any CPU
		{40580CD8-5502-4D4E-8C11-365BFF5C3C2A}.Release|Any CPU.Build.0 = Release|Any CPU
		{78B2C518-359D-424A-B097-EA3B3E58DC6E}.Debug|Any CPU.ActiveCfg = Debug|Any CPU
		{78B2C518-359D-424A-B097-EA3B3E58DC6E}.Debug|Any CPU.Build.0 = Debug|Any CPU
		{78B2C518-359D-424A-B097-EA3B3E58DC6E}.Release|Any CPU.ActiveCfg = Release|Any CPU
		{78B2C518-359D-424A-B097-EA3B3E58DC6E}.Release|Any CPU.Build.0 = Release|Any CPU
	EndGlobalSection
	GlobalSection(SolutionProperties) = preSolution
		HideSolutionNode = FALSE
	EndGlobalSection
	GlobalSection(NestedProjects) = preSolution
		{577D582F-617C-4387-B606-731861D8FD6E} = {293492C9-D2FF-4D80-BAEE-A1DB2E68D76C}
		{40580CD8-5502-4D4E-8C11-365BFF5C3C2A} = {293492C9-D2FF-4D80-BAEE-A1DB2E68D76C}
		{78B2C518-359D-424A-B097-EA3B3E58DC6E} = {293492C9-D2FF-4D80-BAEE-A1DB2E68D76C}
	EndGlobalSection
	GlobalSection(ExtensibilityGlobals) = postSolution
		SolutionGuid = {615189D2-73C0-4A5E-B714-7DBE1878EB1A}
	EndGlobalSection
EndGlobal
